hash: c596dd144fa3ec23548ec40722772119949da2bc713b0b4fc415be0c467217bb
updated: 2018-03-22T21:21:13.049392805Z
imports:
- name: github.com/corpix/loggers
  version: f9482b50a1fbacb085cb1351dec51dbf0b1b05f0
  subpackages:
  - logger/logrus
  - logger/prefixwrapper
- name: github.com/gorilla/context
  version: 08b5f424b9271eedf6f9f0ce86cb9396ed337a42
- name: github.com/gorilla/mux
  version: 2d5fef06b891c971b14aa6f71ca5ab6c03a36e0e
- name: github.com/gorilla/websocket
  version: eb925808374e5ca90c83401a40d711dc08c0c0f6
- name: github.com/sirupsen/logrus
  version: 7f976d3a76720c4c27af2ba716b85d2e0a7e38b1
- name: golang.org/x/sys
  version: 1e2299c37cc91a509f1b12369872d27be0ce98a6
  subpackages:
  - unix
testImports: []
