hash: 75375e2cfc05b124a99a8e61dddf07e5fee6edbcd8de749f492f9af09a43cdb3
updated: 2017-11-13T05:26:06.10613219Z
imports:
- name: github.com/corpix/loggers
  version: f9482b50a1fbacb085cb1351dec51dbf0b1b05f0
  subpackages:
  - logger/logrus
  - logger/prefixwrapper
- name: github.com/davecgh/go-spew
  version: ecdeabc65495df2dec95d7c4a4c3e021903035e5
  subpackages:
  - spew
- name: github.com/gobwas/httphead
  version: 01c9b01b368a438f615030bbbd5e4f9e0023e15c
- name: github.com/gobwas/pool
  version: 32dbaa12caca20fad12253c30591227e04f62cdd
  subpackages:
  - pbufio
  - pbytes
- name: github.com/gobwas/ws
  version: 915eed3240022c5265584c55032ef1b8c8f84168
  subpackages:
  - wsutil
- name: github.com/gorilla/context
  version: 08b5f424b9271eedf6f9f0ce86cb9396ed337a42
- name: github.com/gorilla/mux
  version: 2d5fef06b891c971b14aa6f71ca5ab6c03a36e0e
- name: github.com/sirupsen/logrus
  version: 7f976d3a76720c4c27af2ba716b85d2e0a7e38b1
- name: golang.org/x/sys
  version: 1e2299c37cc91a509f1b12369872d27be0ce98a6
  subpackages:
  - unix
testImports:
- name: github.com/corpix/effects
  version: 31aac2e7f6b7c605ac95ad0183050e3ea8d49dd0
- name: github.com/pmezard/go-difflib
  version: d8ed2627bdf02c080bf22230dbb337003b7aba2d
  subpackages:
  - difflib
- name: github.com/stretchr/testify
  version: 2aa2c176b9dab406a6970f6a55f513e8a8c8b18f
  subpackages:
  - assert
